
Microsoft Visual Studio Solution File, Format Version 12.00
# Visual Studio 2012
Project("{FAE04EC0-301F-11D3-BF4B-00C04F79EFBC}") = "LibKo", "LibKo\LibKo.csproj", "{4F37D117-2396-497F-8CDF-3E8D1CFB60B8}"
EndProject
Project("{FAE04EC0-301F-11D3-BF4B-00C04F79EFBC}") = "ExecuteLib", "ExecuteLib\ExecuteLib.csproj", "{97CBE2A1-2ABD-414B-A3E4-6676D773C6A8}"
EndProject
Global
	GlobalSection(SolutionConfigurationPlatforms) = preSolution
		Debug|Any CPU = Debug|Any CPU
		Release|Any CPU = Release|Any CPU
	EndGlobalSection
	GlobalSection(ProjectConfigurationPlatforms) = postSolution
		{4F37D117-2396-497F-8CDF-3E8D1CFB60B8}.Debug|Any CPU.ActiveCfg = Debug|Any CPU
		{4F37D117-2396-497F-8CDF-3E8D1CFB60B8}.Debug|Any CPU.Build.0 = Debug|Any CPU
		{4F37D117-2396-497F-8CDF-3E8D1CFB60B8}.Release|Any CPU.ActiveCfg = Release|Any CPU
		{4F37D117-2396-497F-8CDF-3E8D1CFB60B8}.Release|Any CPU.Build.0 = Release|Any CPU
		{97CBE2A1-2ABD-414B-A3E4-6676D773C6A8}.Debug|Any CPU.ActiveCfg = Debug|Any CPU
		{97CBE2A1-2ABD-414B-A3E4-6676D773C6A8}.Debug|Any CPU.Build.0 = Debug|Any CPU
		{97CBE2A1-2ABD-414B-A3E4-6676D773C6A8}.Release|Any CPU.ActiveCfg = Release|Any CPU
		{97CBE2A1-2ABD-414B-A3E4-6676D773C6A8}.Release|Any CPU.Build.0 = Release|Any CPU
	EndGlobalSection
	GlobalSection(SolutionProperties) = preSolution
		HideSolutionNode = FALSE
	EndGlobalSection
EndGlobal
